version = 1
revision = 3
requires-python = ">=3.13"
resolution-markers = [
    "python_full_version >= '3.14'",
    "python_full_version < '3.14'",
]

[[package]]
name = "certifi"
version = "2026.5.20"
source = { registry = "https://pypi.org/simple" }
sdist = { url = "https://files.pythonhosted.org/packages/f3/ce/ee2ecad540810a79593028e88299baeae54d346cc7a0d94b6199988b89b1/certifi-2026.5.20.tar.gz", hash = "sha256:69dea482ab64caa7b9f6aba1c6bf48bb6a5448d1c0f1b17ab42ad8c763a5344d", size = 135422, upload-time = "2026-05-20T11:46:50.073Z" }
wheels = [
    { url = "https://files.pythonhosted.org/packages/59/8c/57e832b7af6d7c5abe66eb3fbe3a3a32f4d11ea23a1aa7131371035be991/certifi-2026.5.20-py3-none-any.whl", hash = "sha256:3c52e209ba0a4ad7aebe60436a4ab349c39e1e602e8c134221e546902ad25897", size = 134134, upload-time = "2026-05-20T11:46:48.578Z" },
]

[[package]]
name = "clickhouse-connect"
version = "1.1.1"
source = { registry = "https://pypi.org/simple" }
dependencies = [
    { name = "certifi" },
    { name = "lz4" },
    { name = "tzdata", marker = "sys_platform == 'win32'" },
    { name = "urllib3" },
    { name = "zstandard" },
]
sdist = { url = "https://files.pythonhosted.org/packages/9b/c3/4b1bd7f0b3f7a1a56b7304a92c6996e9144380be1fe795765a93e4b65548/clickhouse_connect-1.1.1.tar.gz", hash = "sha256:11ca173d36405d446f97dfea0a3e1531389d90d23c686ec18ebcbc0eed17200e", size = 159908, upload-time = "2026-05-27T22:18:55.942Z" }
wheels = [
    { url = "https://files.pythonhosted.org/packages/8d/9c/8a8887b6db58f99f7197ec5d2dfcee4d018e9978d5e457c9839b730213d3/clickhouse_connect-1.1.1-cp313-cp313-macosx_10_13_x86_64.whl", hash = "sha256:2c9a1bdb1d9705a270ec8036cd89113db04f4437a4d3b5db0774312ec4d06e30", size = 337537, upload-time = "2026-05-27T22:18:16.581Z" },
    { url = "https://files.pythonhosted.org/packages/44/53/10d0cf43e7391d495ee8375b60961e7465b34f3b364bd7fe4e39cc4d40b0/clickhouse_connect-1.1.1-cp313-cp313-macosx_11_0_arm64.whl", hash = "sha256:2913a4c96c3aede2b39489731eb8c39e37792755df9b56548b162ab1e09df4f3", size = 326187, upload-time = "2026-05-27T22:18:17.793Z" },
    { url = "https://files.pythonhosted.org/packages/c4/9e/21fb0215b73e0163b9c31a86a9579618da92c13f9141520bb45af93073a3/clickhouse_connect-1.1.1-cp313-cp313-manylinux2014_aarch64.manylinux_2_17_aarch64.manylinux_2_28_aarch64.whl", hash = "sha256:1781f330cd0678b203dc35d5df85c3b212577412c0dcf664432edbfc71a20489", size = 1250845, upload-time = "2026-05-27T22:18:19.08Z" },
    { url = "https://files.pythonhosted.org/packages/6b/81/c8a3f3ec1fe06728a1fe3ec114bd9c1686b2d200c56aa302940bad8aad31/clickhouse_connect-1.1.1-cp313-cp313-manylinux2014_x86_64.manylinux_2_17_x86_64.manylinux_2_28_x86_64.whl", hash = "sha256:68d6e245db80ea42c59c32dbed655f28e82337d61405dde6aa5e009c507a6eee", size = 1273027, upload-time = "2026-05-27T22:18:20.593Z" },
    { url = "https://files.pythonhosted.org/packages/88/fc/d314d455648688ff033556472caa508f95f284a3d2eee207c9f40467d889/clickhouse_connect-1.1.1-cp313-cp313-musllinux_1_2_aarch64.whl", hash = "sha256:f205be896551d7ea0a0140a86e36d261e249f99541d68a3dfdd47dd8c7c2bbbb", size = 1227417, upload-time = "2026-05-27T22:18:21.828Z" },
    { url = "https://files.pythonhosted.org/packages/f8/c3/d68b2035a60fcc1fa600b363c033a00998f80f7d4265e5a425a270053de8/clickhouse_connect-1.1.1-cp313-cp313-musllinux_1_2_x86_64.whl", hash = "sha256:770da683bf65d3536c46d564e5a9311d6cd40d191a0357a762ac702813774965", size = 1268085, upload-time = "2026-05-27T22:18:23.407Z" },
    { url = "https://files.pythonhosted.org/packages/b5/73/e09164b5b9260f5827ee351d60fc6d139632ea259ab782ad2de68e790a43/clickhouse_connect-1.1.1-cp313-cp313-win32.whl", hash = "sha256:0ec2f574530c65412a490ac6a29445509ca6346dbb15d39a825e27c73d680f3a", size = 304250, upload-time = "2026-05-27T22:18:24.663Z" },
    { url = "https://files.pythonhosted.org/packages/e9/b1/8c40cf5bc078fb84a58133762a55eca814cd7c75b1b187c6a0e725c8963d/clickhouse_connect-1.1.1-cp313-cp313-win_amd64.whl", hash = "sha256:9de3999bad13146823e9c6811dbe9a66653bf5c71980472f8fe5165d186451ee", size = 323042, upload-time = "2026-05-27T22:18:26.031Z" },
    { url = "https://files.pythonhosted.org/packages/15/9e/29a381d834f755fd5272a12b635cbcbf64d14d1d6434d8e0e4de8ae78665/clickhouse_connect-1.1.1-cp314-cp314-macosx_10_15_x86_64.whl", hash = "sha256:f75e0d62bdb53ba72fa2aa962950c5c107627158c9fe8900ca14da557295bdb2", size = 337772, upload-time = "2026-05-27T22:18:27.368Z" },
    { url = "https://files.pythonhosted.org/packages/41/15/086abe5b2768a46373e7b69d778d8e38371d84d791c18e588a40747660c0/clickhouse_connect-1.1.1-cp314-cp314-macosx_11_0_arm64.whl", hash = "sha256:ad6b32a1bb391f15345c6af4ecee152e04362c6331cd93472f2fa5e64f8a9aaa", size = 327172, upload-time = "2026-05-27T22:18:28.538Z" },
    { url = "https://files.pythonhosted.org/packages/38/ed/d333e45a8a5f200f1aaa3e21eb7c4692a1fea70ea3dbe69484075284836c/clickhouse_connect-1.1.1-cp314-cp314-manylinux2014_aarch64.manylinux_2_17_aarch64.manylinux_2_28_aarch64.whl", hash = "sha256:a706631a540ac21aac4434a446d50263c0872c9507bc6a0ccfb51467c0ff74a4", size = 1248148, upload-time = "2026-05-27T22:18:29.868Z" },
    { url = "https://files.pythonhosted.org/packages/be/6f/03c87091225eb569cf76184037cc8c5ce4a88a0d821d0f607c2d09142a3c/clickhouse_connect-1.1.1-cp314-cp314-manylinux2014_x86_64.manylinux_2_17_x86_64.manylinux_2_28_x86_64.whl", hash = "sha256:1e2b000c55e698220cba80e660349c60d7acb3b82172c320a51519d191e24826", size = 1261568, upload-time = "2026-05-27T22:18:31.544Z" },
    { url = "https://files.pythonhosted.org/packages/4d/21/b04462e244dc1b8fd180d4058aa04098850ac01fa8c1133894a7b83cd5c5/clickhouse_connect-1.1.1-cp314-cp314-musllinux_1_2_aarch64.whl", hash = "sha256:ee7d8308c8a688c6851b19d2bc743a02ed5d6f8679203a13872a80cf4066dd57", size = 1227822, upload-time = "2026-05-27T22:18:32.89Z" },
    { url = "https://files.pythonhosted.org/packages/24/f0/793c4cfbd1de3e75d1c5fa04619f76e3bc4a24be9078b5d1f7826c12ab6d/clickhouse_connect-1.1.1-cp314-cp314-musllinux_1_2_x86_64.whl", hash = "sha256:d3b3806986340192ed2b197241be193649717cc58f7ef9bdf86d119758289a0f", size = 1258195, upload-time = "2026-05-27T22:18:34.697Z" },
    { url = "https://files.pythonhosted.org/packages/d7/06/a8bff812fbf5226274bd5ef45cd23d2e8e8f79dc238a158e52c4882cf2d3/clickhouse_connect-1.1.1-cp314-cp314-win32.whl", hash = "sha256:8f2f9029f6589d2d349912a94a17d9997c550a7f19dd5b747f6b452764dc0e54", size = 307392, upload-time = "2026-05-27T22:18:36.108Z" },
    { url = "https://files.pythonhosted.org/packages/03/aa/77cd6bf35dd837eacff833620921c6a6739cf1b6e0778c7f03da69ea826f/clickhouse_connect-1.1.1-cp314-cp314-win_amd64.whl", hash = "sha256:e762f70ebf57cb43a6257daa6196f5beb574d69915dd06c29735d5811dfd8dce", size = 326725, upload-time = "2026-05-27T22:18:37.518Z" },
    { url = "https://files.pythonhosted.org/packages/d1/b6/ca32f5c7807a2146085737096e507b11e14456eb604fff1c91516312cd0e/clickhouse_connect-1.1.1-cp314-cp314t-macosx_10_15_x86_64.whl", hash = "sha256:ca28e361a51afe2e7e2fcff47c1423fd61271d26af7d19e37f6ff0ab67bf086f", size = 355738, upload-time = "2026-05-27T22:18:38.64Z" },
    { url = "https://files.pythonhosted.org/packages/de/0d/a52ed5c3130f117bb4c4a194a36eec1de2c6dab734f3fd7c4898da83c1be/clickhouse_connect-1.1.1-cp314-cp314t-macosx_11_0_arm64.whl", hash = "sha256:233cc6eae3dbec122ed7ff694f657aa9676b36c2acbcef64e97166e4f75f5040", size = 348203, upload-time = "2026-05-27T22:18:40.002Z" },
    { url = "https://files.pythonhosted.org/packages/cf/8c/acef4785bf1aab3f5c12bf3db8d83bc5b71bed4ef887304be259b4af89fe/clickhouse_connect-1.1.1-cp314-cp314t-manylinux2014_aarch64.manylinux_2_17_aarch64.manylinux_2_28_aarch64.whl", hash = "sha256:70b9dee3c4629e06f2b5788d02b6cded0a32d2509966bc293cf1c39abc395a29", size = 1334802, upload-time = "2026-05-27T22:18:41.274Z" },
    { url = "https://files.pythonhosted.org/packages/5e/d9/e68fcfa164474e452e2feda306e6384060e172f2178d64f5edfe0a9b80a8/clickhouse_connect-1.1.1-cp314-cp314t-manylinux2014_x86_64.manylinux_2_17_x86_64.manylinux_2_28_x86_64.whl", hash = "sha256:646408372c2a4b0e4068145897a35100cefc6974a409c68b20ba22403665fe5a", size = 1318140, upload-time = "2026-05-27T22:18:42.607Z" },
    { url = "https://files.pythonhosted.org/packages/13/43/37f289976aa44a98b6a44488cf43b91012788e72e803129df7f8bee321bf/clickhouse_connect-1.1.1-cp314-cp314t-musllinux_1_2_aarch64.whl", hash = "sha256:10c0354b858f500f4f26195dc37cd6047eb4d324b0b08ca6873e2241ea4a2ea8", size = 1292350, upload-time = "2026-05-27T22:18:44.043Z" },
    { url = "https://files.pythonhosted.org/packages/2a/7a/7bfe1b36f3f3d2bce176a7a56bf125a71ccbc8a3764a4ce54a38e46aaa48/clickhouse_connect-1.1.1-cp314-cp314t-musllinux_1_2_x86_64.whl", hash = "sha256:cd501e3ccee60d4cccf5cde4b4c92632b62763563b08aa07dbfd3e2583c12005", size = 1308806, upload-time = "2026-05-27T22:18:45.54Z" },
    { url = "https://files.pythonhosted.org/packages/6d/8d/4400a8f1f3842653bfa66f46b38167f41bedbc3a08ed9de43928f856f56c/clickhouse_connect-1.1.1-cp314-cp314t-win32.whl", hash = "sha256:3cdae5ce54cc7d5fdaced13857612b25ae58f0830987a4b17ebcf376d71df3b2", size = 331935, upload-time = "2026-05-27T22:18:46.834Z" },
    { url = "https://files.pythonhosted.org/packages/91/0d/2827fa9ced53d32aed46c60bded97c4aba9fc7e483f3a9ee3e6e84bfc363/clickhouse_connect-1.1.1-cp314-cp314t-win_amd64.whl", hash = "sha256:27b665a01711e9a5b08e4412d501baf76ce4ccbeb937ec67e73040094492adbc", size = 358415, upload-time = "2026-05-27T22:18:48.094Z" },
]

[[package]]
name = "lz4"
version = "4.4.5"
source = { registry = "https://pypi.org/simple" }
sdist = { url = "https://files.pythonhosted.org/packages/57/51/f1b86d93029f418033dddf9b9f79c8d2641e7454080478ee2aab5123173e/lz4-4.4.5.tar.gz", hash = "sha256:5f0b9e53c1e82e88c10d7c180069363980136b9d7a8306c4dca4f760d60c39f0", size = 172886, upload-time = "2025-11-03T13:02:36.061Z" }
wheels = [
    { url = "https://files.pythonhosted.org/packages/2f/46/08fd8ef19b782f301d56a9ccfd7dafec5fd4fc1a9f017cf22a1accb585d7/lz4-4.4.5-cp313-cp313-macosx_10_13_x86_64.whl", hash = "sha256:6bb05416444fafea170b07181bc70640975ecc2a8c92b3b658c554119519716c", size = 207171, upload-time = "2025-11-03T13:01:56.595Z" },
    { url = "https://files.pythonhosted.org/packages/8f/3f/ea3334e59de30871d773963997ecdba96c4584c5f8007fd83cfc8f1ee935/lz4-4.4.5-cp313-cp313-macosx_11_0_arm64.whl", hash = "sha256:b424df1076e40d4e884cfcc4c77d815368b7fb9ebcd7e634f937725cd9a8a72a", size = 207163, upload-time = "2025-11-03T13:01:57.721Z" },
    { url = "https://files.pythonhosted.org/packages/41/7b/7b3a2a0feb998969f4793c650bb16eff5b06e80d1f7bff867feb332f2af2/lz4-4.4.5-cp313-cp313-manylinux1_i686.manylinux_2_28_i686.manylinux_2_5_i686.whl", hash = "sha256:216ca0c6c90719731c64f41cfbd6f27a736d7e50a10b70fad2a9c9b262ec923d", size = 1292136, upload-time = "2025-11-03T13:02:00.375Z" },
    { url = "https://files.pythonhosted.org/packages/89/d1/f1d259352227bb1c185288dd694121ea303e43404aa77560b879c90e7073/lz4-4.4.5-cp313-cp313-manylinux2014_aarch64.manylinux_2_17_aarch64.manylinux_2_28_aarch64.whl", hash = "sha256:533298d208b58b651662dd972f52d807d48915176e5b032fb4f8c3b6f5fe535c", size = 1279639, upload-time = "2025-11-03T13:02:01.649Z" },
    { url = "https://files.pythonhosted.org/packages/d2/fb/ba9256c48266a09012ed1d9b0253b9aa4fe9cdff094f8febf5b26a4aa2a2/lz4-4.4.5-cp313-cp313-manylinux2014_x86_64.manylinux_2_17_x86_64.manylinux_2_28_x86_64.whl", hash = "sha256:451039b609b9a88a934800b5fc6ee401c89ad9c175abf2f4d9f8b2e4ef1afc64", size = 1368257, upload-time = "2025-11-03T13:02:03.35Z" },
    { url = "https://files.pythonhosted.org/packages/a5/6d/dee32a9430c8b0e01bbb4537573cabd00555827f1a0a42d4e24ca803935c/lz4-4.4.5-cp313-cp313-win32.whl", hash = "sha256:a5f197ffa6fc0e93207b0af71b302e0a2f6f29982e5de0fbda61606dd3a55832", size = 88191, upload-time = "2025-11-03T13:02:04.406Z" },
    { url = "https://files.pythonhosted.org/packages/18/e0/f06028aea741bbecb2a7e9648f4643235279a770c7ffaf70bd4860c73661/lz4-4.4.5-cp313-cp313-win_amd64.whl", hash = "sha256:da68497f78953017deb20edff0dba95641cc86e7423dfadf7c0264e1ac60dc22", size = 99502, upload-time = "2025-11-03T13:02:05.886Z" },
    { url = "https://files.pythonhosted.org/packages/61/72/5bef44afb303e56078676b9f2486f13173a3c1e7f17eaac1793538174817/lz4-4.4.5-cp313-cp313-win_arm64.whl", hash = "sha256:c1cfa663468a189dab510ab231aad030970593f997746d7a324d40104db0d0a9", size = 91285, upload-time = "2025-11-03T13:02:06.77Z" },
    { url = "https://files.pythonhosted.org/packages/49/55/6a5c2952971af73f15ed4ebfdd69774b454bd0dc905b289082ca8664fba1/lz4-4.4.5-cp313-cp313t-macosx_10_13_x86_64.whl", hash = "sha256:67531da3b62f49c939e09d56492baf397175ff39926d0bd5bd2d191ac2bff95f", size = 207348, upload-time = "2025-11-03T13:02:08.117Z" },
    { url = "https://files.pythonhosted.org/packages/4e/d7/fd62cbdbdccc35341e83aabdb3f6d5c19be2687d0a4eaf6457ddf53bba64/lz4-4.4.5-cp313-cp313t-macosx_11_0_arm64.whl", hash = "sha256:a1acbbba9edbcbb982bc2cac5e7108f0f553aebac1040fbec67a011a45afa1ba", size = 207340, upload-time = "2025-11-03T13:02:09.152Z" },
    { url = "https://files.pythonhosted.org/packages/77/69/225ffadaacb4b0e0eb5fd263541edd938f16cd21fe1eae3cd6d5b6a259dc/lz4-4.4.5-cp313-cp313t-manylinux1_i686.manylinux_2_28_i686.manylinux_2_5_i686.whl", hash = "sha256:a482eecc0b7829c89b498fda883dbd50e98153a116de612ee7c111c8bcf82d1d", size = 1293398, upload-time = "2025-11-03T13:02:10.272Z" },
    { url = "https://files.pythonhosted.org/packages/c6/9e/2ce59ba4a21ea5dc43460cba6f34584e187328019abc0e66698f2b66c881/lz4-4.4.5-cp313-cp313t-manylinux2014_aarch64.manylinux_2_17_aarch64.manylinux_2_28_aarch64.whl", hash = "sha256:e099ddfaa88f59dd8d36c8a3c66bd982b4984edf127eb18e30bb49bdba68ce67", size = 1281209, upload-time = "2025-11-03T13:02:12.091Z" },
    { url = "https://files.pythonhosted.org/packages/80/4f/4d946bd1624ec229b386a3bc8e7a85fa9a963d67d0a62043f0af0978d3da/lz4-4.4.5-cp313-cp313t-manylinux2014_x86_64.manylinux_2_17_x86_64.manylinux_2_28_x86_64.whl", hash = "sha256:a2af2897333b421360fdcce895c6f6281dc3fab018d19d341cf64d043fc8d90d", size = 1369406, upload-time = "2025-11-03T13:02:13.683Z" },
    { url = "https://files.pythonhosted.org/packages/02/a2/d429ba4720a9064722698b4b754fb93e42e625f1318b8fe834086c7c783b/lz4-4.4.5-cp313-cp313t-win32.whl", hash = "sha256:66c5de72bf4988e1b284ebdd6524c4bead2c507a2d7f172201572bac6f593901", size = 88325, upload-time = "2025-11-03T13:02:14.743Z" },
    { url = "https://files.pythonhosted.org/packages/4b/85/7ba10c9b97c06af6c8f7032ec942ff127558863df52d866019ce9d2425cf/lz4-4.4.5-cp313-cp313t-win_amd64.whl", hash = "sha256:cdd4bdcbaf35056086d910d219106f6a04e1ab0daa40ec0eeef1626c27d0fddb", size = 99643, upload-time = "2025-11-03T13:02:15.978Z" },
    { url = "https://files.pythonhosted.org/packages/77/4d/a175459fb29f909e13e57c8f475181ad8085d8d7869bd8ad99033e3ee5fa/lz4-4.4.5-cp313-cp313t-win_arm64.whl", hash = "sha256:28ccaeb7c5222454cd5f60fcd152564205bcb801bd80e125949d2dfbadc76bbd", size = 91504, upload-time = "2025-11-03T13:02:17.313Z" },
    { url = "https://files.pythonhosted.org/packages/63/9c/70bdbdb9f54053a308b200b4678afd13efd0eafb6ddcbb7f00077213c2e5/lz4-4.4.5-cp314-cp314-macosx_10_15_x86_64.whl", hash = "sha256:c216b6d5275fc060c6280936bb3bb0e0be6126afb08abccde27eed23dead135f", size = 207586, upload-time = "2025-11-03T13:02:18.263Z" },
    { url = "https://files.pythonhosted.org/packages/b6/cb/bfead8f437741ce51e14b3c7d404e3a1f6b409c440bad9b8f3945d4c40a7/lz4-4.4.5-cp314-cp314-macosx_11_0_arm64.whl", hash = "sha256:c8e71b14938082ebaf78144f3b3917ac715f72d14c076f384a4c062df96f9df6", size = 207161, upload-time = "2025-11-03T13:02:19.286Z" },
    { url = "https://files.pythonhosted.org/packages/e7/18/b192b2ce465dfbeabc4fc957ece7a1d34aded0d95a588862f1c8a86ac448/lz4-4.4.5-cp314-cp314-manylinux1_i686.manylinux_2_28_i686.manylinux_2_5_i686.whl", hash = "sha256:9b5e6abca8df9f9bdc5c3085f33ff32cdc86ed04c65e0355506d46a5ac19b6e9", size = 1292415, upload-time = "2025-11-03T13:02:20.829Z" },
    { url = "https://files.pythonhosted.org/packages/67/79/a4e91872ab60f5e89bfad3e996ea7dc74a30f27253faf95865771225ccba/lz4-4.4.5-cp314-cp314-manylinux2014_aarch64.manylinux_2_17_aarch64.manylinux_2_28_aarch64.whl", hash = "sha256:3b84a42da86e8ad8537aabef062e7f661f4a877d1c74d65606c49d835d36d668", size = 1279920, upload-time = "2025-11-03T13:02:22.013Z" },
    { url = "https://files.pythonhosted.org/packages/f1/01/d52c7b11eaa286d49dae619c0eec4aabc0bf3cda7a7467eb77c62c4471f3/lz4-4.4.5-cp314-cp314-manylinux2014_x86_64.manylinux_2_17_x86_64.manylinux_2_28_x86_64.whl", hash = "sha256:0bba042ec5a61fa77c7e380351a61cb768277801240249841defd2ff0a10742f", size = 1368661, upload-time = "2025-11-03T13:02:23.208Z" },
    { url = "https://files.pythonhosted.org/packages/f7/da/137ddeea14c2cb86864838277b2607d09f8253f152156a07f84e11768a28/lz4-4.4.5-cp314-cp314-win32.whl", hash = "sha256:bd85d118316b53ed73956435bee1997bd06cc66dd2fa74073e3b1322bd520a67", size = 90139, upload-time = "2025-11-03T13:02:24.301Z" },
    { url = "https://files.pythonhosted.org/packages/18/2c/8332080fd293f8337779a440b3a143f85e374311705d243439a3349b81ad/lz4-4.4.5-cp314-cp314-win_amd64.whl", hash = "sha256:92159782a4502858a21e0079d77cdcaade23e8a5d252ddf46b0652604300d7be", size = 101497, upload-time = "2025-11-03T13:02:25.187Z" },
    { url = "https://files.pythonhosted.org/packages/ca/28/2635a8141c9a4f4bc23f5135a92bbcf48d928d8ca094088c962df1879d64/lz4-4.4.5-cp314-cp314-win_arm64.whl", hash = "sha256:d994b87abaa7a88ceb7a37c90f547b8284ff9da694e6afcfaa8568d739faf3f7", size = 93812, upload-time = "2025-11-03T13:02:26.133Z" },
]

[[package]]
name = "python-dotenv"
version = "1.2.2"
source = { registry = "https://pypi.org/simple" }
sdist = { url = "https://files.pythonhosted.org/packages/82/ed/0301aeeac3e5353ef3d94b6ec08bbcabd04a72018415dcb29e588514bba8/python_dotenv-1.2.2.tar.gz", hash = "sha256:2c371a91fbd7ba082c2c1dc1f8bf89ca22564a087c2c287cd9b662adde799cf3", size = 50135, upload-time = "2026-03-01T16:00:26.196Z" }
wheels = [
    { url = "https://files.pythonhosted.org/packages/0b/d7/1959b9648791274998a9c3526f6d0ec8fd2233e4d4acce81bbae76b44b2a/python_dotenv-1.2.2-py3-none-any.whl", hash = "sha256:1d8214789a24de455a8b8bd8ae6fe3c6b69a5e3d64aa8a8e5d68e694bbcb285a", size = 22101, upload-time = "2026-03-01T16:00:25.09Z" },
]

[[package]]
name = "tapo"
version = "0.9.0"
source = { registry = "https://pypi.org/simple" }
sdist = { url = "https://files.pythonhosted.org/packages/1b/4d/548cbb1d6c6c62585a0ea66dd637461e89f61574a33fb00db5677c03f753/tapo-0.9.0.tar.gz", hash = "sha256:2db5f1bbae9dd1e4e8913a8b9cd6652f22516517789d2b3ca8db33a19a80bd5f", size = 197323, upload-time = "2026-04-25T20:38:59.347Z" }
wheels = [
    { url = "https://files.pythonhosted.org/packages/f6/ab/31bbd5dceb0cad5ce3b65e227426a39fbb69a3613e5032be22dd9a246ad4/tapo-0.9.0-cp313-cp313-macosx_10_12_x86_64.whl", hash = "sha256:2a40416c1888c4eb790cb42c5c7a03c81d8618aa4d44e9e738a0bfcc14256806", size = 6561007, upload-time = "2026-04-25T20:40:06.64Z" },
    { url = "https://files.pythonhosted.org/packages/30/d5/7eab8a3cef957e865762e2ec6cdef83df843b6dc79f6aff8734846fe967c/tapo-0.9.0-cp313-cp313-macosx_11_0_arm64.whl", hash = "sha256:5a10a2be441caba682d84ada772507ffeb3ac1e562b2f1aa1b06a14973fa09f4", size = 6334681, upload-time = "2026-04-25T20:39:34.064Z" },
    { url = "https://files.pythonhosted.org/packages/a6/b9/0e4465b58c4578f0abca11a3af74c833b17559d7685605c556b38cc87768/tapo-0.9.0-cp313-cp313-manylinux_2_28_aarch64.whl", hash = "sha256:15c13054d83f058ffc631141e9a899da17ef52b099f397b5e960a1fb1e85013a", size = 6807738, upload-time = "2026-04-25T20:39:39.384Z" },
    { url = "https://files.pythonhosted.org/packages/50/de/7f2bf367fbb47120cb86a08ef1ba94aaf239854ae314e52720ca9a8ffedd/tapo-0.9.0-cp313-cp313-manylinux_2_28_armv7l.whl", hash = "sha256:a9d61393b69ee2c68fee742ff7bd9a86395589bf7bde090f309c4aa120acd525", size = 6378451, upload-time = "2026-04-25T20:40:45.887Z" },
    { url = "https://files.pythonhosted.org/packages/f9/2d/aaeb416952c770bf444a12a6d876e0173701a0ec6fc6c6db6d6571d4fe69/tapo-0.9.0-cp313-cp313-manylinux_2_28_i686.whl", hash = "sha256:885e4589e5ae290bcea4a281512dbac5e2ea23a81952344508655bd75d1ec8fe", size = 6873636, upload-time = "2026-04-25T20:40:39.179Z" },
    { url = "https://files.pythonhosted.org/packages/53/81/baf37150281ec73b80ed0c143b7f8788d65bc731bb81389c3c1d175a72f5/tapo-0.9.0-cp313-cp313-manylinux_2_28_ppc64le.whl", hash = "sha256:41eaeff221b64c0c13bb695012af9f080dbf16587f12f1bad00962f1d535017b", size = 7317209, upload-time = "2026-04-25T20:38:41.319Z" },
    { url = "https://files.pythonhosted.org/packages/38/5e/8665bc1b35fb9df28fde2c463047cfaeffadca0a792f9a34161b31cdff5a/tapo-0.9.0-cp313-cp313-manylinux_2_28_s390x.whl", hash = "sha256:ea6540e00718ef26df203529de6a02d3a28f3dea4269843a78b58491948e6a71", size = 6648057, upload-time = "2026-04-25T20:39:37.517Z" },
    { url = "https://files.pythonhosted.org/packages/e6/25/c2d316267e95e333988afb6f34fb080baf96bb07259a252776d9828f51f9/tapo-0.9.0-cp313-cp313-manylinux_2_28_x86_64.whl", hash = "sha256:186006e6eda821f35c54f0ef8078babc42a4b4e54304647504162f3aff0950cf", size = 6851076, upload-time = "2026-04-25T20:38:49.848Z" },
    { url = "https://files.pythonhosted.org/packages/3a/43/03012072b0f2c0a891793c0ce4e6b79e5c33b5904463db29eb2bd40a900a/tapo-0.9.0-cp313-cp313-musllinux_1_2_aarch64.whl", hash = "sha256:7879b01d4010ca8b9cefb0745e3ba5069bc8a064b4cf0c7a3ebcddd50067f009", size = 7001676, upload-time = "2026-04-25T20:39:05.106Z" },
    { url = "https://files.pythonhosted.org/packages/fc/fc/7db3426c86150e8f719412842416a7a2649e4ea5e2703b0dafeca3f9b4e9/tapo-0.9.0-cp313-cp313-musllinux_1_2_armv7l.whl", hash = "sha256:b94b66903415eb4cd7329a1036fb6932cde213ecc1c5927a6addf982f1aaad40", size = 6562259, upload-time = "2026-04-25T20:40:58.549Z" },
    { url = "https://files.pythonhosted.org/packages/4f/19/fdf33ada571869baa9bdeac5e2c624906e254ea5c9eb336399106753da02/tapo-0.9.0-cp313-cp313-musllinux_1_2_i686.whl", hash = "sha256:10a6926047923255013179b837b75e9b746ded64e3bcc8db86f59f1bf6fc7573", size = 6819312, upload-time = "2026-04-25T20:40:23.238Z" },
    { url = "https://files.pythonhosted.org/packages/59/94/fb5fb14be0e1a773972b197e3358cd86fa0ed33d50c97b9d6f1184abf342/tapo-0.9.0-cp313-cp313-musllinux_1_2_x86_64.whl", hash = "sha256:1e45a26c9122947dfaf93d1f9dc94c4e9ff258c59eaa7a072d52f0a4d350ac0c", size = 7278127, upload-time = "2026-04-25T20:39:54.952Z" },
    { url = "https://files.pythonhosted.org/packages/1e/5b/67ce4c37ad26616376ef7bc511c4ba52e3371030addeba486ee8de01e25e/tapo-0.9.0-cp313-cp313-win32.whl", hash = "sha256:7fbea6caf58ddeb2006548c98a8beaf0d40211de3eaf9e4ae17048ca8e4164b3", size = 4988807, upload-time = "2026-04-25T20:40:02.766Z" },
    { url = "https://files.pythonhosted.org/packages/10/fd/dd7cd3ba1528a5f0acfc673ffff4691ac44a77493edafabd519fb90a92b4/tapo-0.9.0-cp313-cp313-win_amd64.whl", hash = "sha256:58b2229f89e4d1ce6ae78412e03cca4847bacbeee57ea1bd42007a924b82f64e", size = 5997005, upload-time = "2026-04-25T20:39:21.715Z" },
    { url = "https://files.pythonhosted.org/packages/dc/0d/a622167338917639014219c5d32a5d0c9e113daaf2fa21ad88fcf0b9eac0/tapo-0.9.0-cp313-cp313-win_arm64.whl", hash = "sha256:6efc8420a015100bd19bd3d2ba4ce45d82459257908518c1c3bc91f7046c97ce", size = 5697764, upload-time = "2026-04-25T20:40:15.423Z" },
    { url = "https://files.pythonhosted.org/packages/c5/33/0a836f2e26784cd81514c5cfdaa4a0db51651f9ea9109a0127d170d4bb6f/tapo-0.9.0-cp313-cp313t-manylinux_2_28_aarch64.whl", hash = "sha256:d4940735a6d318e319c5cc92b54291e38ac72b3f2f2190627c149f6ecd09a32a", size = 6801277, upload-time = "2026-04-25T20:39:53.468Z" },
    { url = "https://files.pythonhosted.org/packages/2b/74/2547efc1c35ab954c3cef17a11579701aa8c0adf64dfafb5e02d0233e2ee/tapo-0.9.0-cp313-cp313t-manylinux_2_28_armv7l.whl", hash = "sha256:9fc12605e45b74fbb578cf454ad464562efbffa4818d869873846834f5804a24", size = 6366876, upload-time = "2026-04-25T20:39:28.786Z" },
    { url = "https://files.pythonhosted.org/packages/81/6a/c8bb7f0caf63ff7b862b1a9c5a7e123363d4942a24089051ed2c2812601e/tapo-0.9.0-cp313-cp313t-manylinux_2_28_ppc64le.whl", hash = "sha256:06a1763b52b5ae760a1c4954e031ff120a826b5ccfb114b136460e0d38e42104", size = 7291503, upload-time = "2026-04-25T20:38:45.788Z" },
    { url = "https://files.pythonhosted.org/packages/35/ab/e525988de0abd060f6e3fc0747e8e6bc33d675d446dfcf92baa618ee37e6/tapo-0.9.0-cp313-cp313t-manylinux_2_28_s390x.whl", hash = "sha256:8ed1ad4b41b3bbe5ae50fede1d23e667579bddd21b433e600f2d2953e62bf059", size = 6616186, upload-time = "2026-04-25T20:38:51.572Z" },
    { url = "https://files.pythonhosted.org/packages/52/0d/4b30938ae25e9534ffc2fcb295811d845d5a208aa0ed0e1d19cd24e7ac2c/tapo-0.9.0-cp313-cp313t-musllinux_1_2_aarch64.whl", hash = "sha256:4d661ddd6a35c147910b9808fac4e0986f7ceddd613791c18751a8ed3d953aff", size = 6992960, upload-time = "2026-04-25T20:38:55.093Z" },
    { url = "https://files.pythonhosted.org/packages/c4/a1/90fb29375543793a3066c9837697898381cef7d54ced8af4043a382bb3e5/tapo-0.9.0-cp313-cp313t-musllinux_1_2_armv7l.whl", hash = "sha256:0d4e9f206b480db79ef0d4a519fb57fc105442660d5969aafd800ae257449996", size = 6551676, upload-time = "2026-04-25T20:39:46.372Z" },
    { url = "https://files.pythonhosted.org/packages/fe/8f/36281b4b8776b5523d8d840ef173586eb68a4e098bf9dd7754fcfefc54ea/tapo-0.9.0-cp313-cp313t-musllinux_1_2_i686.whl", hash = "sha256:ed17cbfdf406aaa9b081c64491ef7b44099c9fe2d8082fb17ca836f7a8ec5ca9", size = 6816309, upload-time = "2026-04-25T20:40:51.253Z" },
    { url = "https://files.pythonhosted.org/packages/e8/2b/14ffdf2f8e672c81faec4fcd948bd06fd0a4952a2356834cdde826f93020/tapo-0.9.0-cp313-cp313t-musllinux_1_2_x86_64.whl", hash = "sha256:affafe95c5131048e71b0ac4da16486ceb398fc7f46186aba2e29dbf9362e00c", size = 7263154, upload-time = "2026-04-25T20:39:35.942Z" },
    { url = "https://files.pythonhosted.org/packages/80/18/94a25c576608b34ea26fbd20f7304d8f98e2158809c057180a09a9b4eabc/tapo-0.9.0-cp314-cp314-macosx_10_12_x86_64.whl", hash = "sha256:a1b7cbdff9000c47d55bba2ed974cdd4b8619167eac0ebc2dc8c3664e572f2c0", size = 6556345, upload-time = "2026-04-25T20:40:04.574Z" },
    { url = "https://files.pythonhosted.org/packages/e9/e3/bda2fb7d9f9a89639978c3f02cb7dfa29b5cc4fe02fd408f1d1c42f3e0c6/tapo-0.9.0-cp314-cp314-macosx_11_0_arm64.whl", hash = "sha256:c9ec46695b5e8d1fd61bf04529fc7585b6ac42097e9b594b34cf97b4c910d472", size = 6337628, upload-time = "2026-04-25T20:39:16.505Z" },
    { url = "https://files.pythonhosted.org/packages/cc/f0/ceedc2c9b100bb874dc7dcff11647fecc494285f61d6b5c944d77e05e9a0/tapo-0.9.0-cp314-cp314-manylinux_2_28_aarch64.whl", hash = "sha256:47452ac19a35924e14b74ff72a585c4d4de66986db38ed9f44d8913db5f62341", size = 6803712, upload-time = "2026-04-25T20:39:25.84Z" },
    { url = "https://files.pythonhosted.org/packages/c6/61/12d5d94cffe59ce41ad63ad8b5e6f2eecb16b393ff862c82db558d184ca9/tapo-0.9.0-cp314-cp314-manylinux_2_28_armv7l.whl", hash = "sha256:3b983dd867da754ffc36a06dd771ba02ed86a08bff1e09fcee73a3c5fba3d827", size = 6374698, upload-time = "2026-04-25T20:38:37.888Z" },
    { url = "https://files.pythonhosted.org/packages/39/e4/5a57293213ceeff5a4da66a12c75352058c8c3e8a4c2cadb39a38e1122dc/tapo-0.9.0-cp314-cp314-manylinux_2_28_i686.whl", hash = "sha256:504df2e8b55d4a8ac7382e377bb0e9921e2a92570cc7a613954045a5fa2713d0", size = 6874664, upload-time = "2026-04-25T20:39:12.41Z" },
    { url = "https://files.pythonhosted.org/packages/42/07/7f868430345a75a51dd8320b556a02c836a98d81ddcaf6a534988cd71fd9/tapo-0.9.0-cp314-cp314-manylinux_2_28_ppc64le.whl", hash = "sha256:2c9cdaf2846bfb510063a7e5bbf61e18c005d96dae412ea50e0686131059f633", size = 7301338, upload-time = "2026-04-25T20:40:28.371Z" },
    { url = "https://files.pythonhosted.org/packages/3e/4b/cdacd6693cccb949acb4108f9cee8d8b25db470e53802b6ee3b168112e60/tapo-0.9.0-cp314-cp314-manylinux_2_28_s390x.whl", hash = "sha256:cdec0db19957525dbd8c85bbaa8497fdd5272d7726928689bba9084bae34d399", size = 6649018, upload-time = "2026-04-25T20:38:44.004Z" },
    { url = "https://files.pythonhosted.org/packages/e9/1a/3d9b57bbae57ee5409d9370aaa9e8cf421d97f3fd2fc28975659e779ccb9/tapo-0.9.0-cp314-cp314-manylinux_2_28_x86_64.whl", hash = "sha256:6a24516f36049a2b128584c27ef930679bcd8718fc14f0e744c9bba6fea05609", size = 6849179, upload-time = "2026-04-25T20:40:17.437Z" },
    { url = "https://files.pythonhosted.org/packages/fd/e5/8af82dbd12d43cc8a25fe6b5d458b13b684e0873bcd00e034d3152c4749d/tapo-0.9.0-cp314-cp314-musllinux_1_2_aarch64.whl", hash = "sha256:e487fae1b7df442fc13f937fcc065ac556c091baaffd7e37153b8b9b63dafe0f", size = 6996460, upload-time = "2026-04-25T20:39:48.376Z" },
    { url = "https://files.pythonhosted.org/packages/67/c2/dbe40b9d0155992410a5e2d7c7dfc90a119d2fba225c3e92793afac834d0/tapo-0.9.0-cp314-cp314-musllinux_1_2_armv7l.whl", hash = "sha256:b08a25232d8871b3f900d35a230598fa5842d2db2d0390530df85e46e5910f36", size = 6559680, upload-time = "2026-04-25T20:39:42.663Z" },
    { url = "https://files.pythonhosted.org/packages/56/62/80be09fc6fe403776c43d00f79cd18e3e6e58141eb41a5522b7522d10382/tapo-0.9.0-cp314-cp314-musllinux_1_2_i686.whl", hash = "sha256:22d5130ab3520ae320f22d55b58a102e56cf4a2ae9e1d102e9afadc017430cab", size = 6820308, upload-time = "2026-04-25T20:40:52.825Z" },
    { url = "https://files.pythonhosted.org/packages/62/87/5c8835caa136c48304b8bffd94366ee9f4e8678884e9e6eeeedb53c19352/tapo-0.9.0-cp314-cp314-musllinux_1_2_x86_64.whl", hash = "sha256:10f411aa601bf94001bab342acc0bd078903d0e6c56e4811db2c5113b389d078", size = 7272454, upload-time = "2026-04-25T20:39:40.888Z" },
    { url = "https://files.pythonhosted.org/packages/97/a5/da8e4e307645e367708481567616998e4b6278cfe9096321beae46b3dd5d/tapo-0.9.0-cp314-cp314-win_amd64.whl", hash = "sha256:8744297ac41dd4d29b48af83ddad3dbf9c789ffdbafa7cb3056a7fd3d767f3f6", size = 5987831, upload-time = "2026-04-25T20:40:54.802Z" },
    { url = "https://files.pythonhosted.org/packages/7a/75/7344e7d5965e61731112702e6c17ef9395dfda7a5ce0a11804d0e0369c52/tapo-0.9.0-cp314-cp314-win_arm64.whl", hash = "sha256:e2b24acb5a1c50d43e04050b78d0a4d8ee16d4949d8211c2a5200aed25b87911", size = 5691176, upload-time = "2026-04-25T20:39:44.423Z" },
    { url = "https://files.pythonhosted.org/packages/b2/85/393d841e8396b673daeae394afe20566cc691c59340cd4cce7ce39762ddb/tapo-0.9.0-cp314-cp314t-manylinux_2_28_aarch64.whl", hash = "sha256:c76e57478d92a08fbe92db0672d472b9bc7e9f6cf7188d24814ba6b0fdf47d91", size = 6801679, upload-time = "2026-04-25T20:39:49.892Z" },
    { url = "https://files.pythonhosted.org/packages/16/28/63f416ccfd938339e2808d366011c02c6a717034d524cf7be3f79f1d3c7e/tapo-0.9.0-cp314-cp314t-manylinux_2_28_armv7l.whl", hash = "sha256:e7c40ffa5e2932f70cd8a794da8e92f588236c242fcb8e0a188faa6a48531177", size = 6364058, upload-time = "2026-04-25T20:40:37.134Z" },
    { url = "https://files.pythonhosted.org/packages/6a/0f/7f150eee5b17a19312c739213f45aae2bf750626d0cf275eb8a41ca21efe/tapo-0.9.0-cp314-cp314t-manylinux_2_28_ppc64le.whl", hash = "sha256:532752141750ec3a1cdb173b5a5e7354711cd2c1fab21cbcaa7f397720c55cc0", size = 7290271, upload-time = "2026-04-25T20:39:10.853Z" },
    { url = "https://files.pythonhosted.org/packages/0f/90/a80f72f54879715baaf88a14dd62d0b5bd845fe2275a44b19d14bc93b01f/tapo-0.9.0-cp314-cp314t-manylinux_2_28_s390x.whl", hash = "sha256:471b648eef25efd66a1cc9b7cd0e4863486bfceb51cd95a051fc50b8e235ee36", size = 6638219, upload-time = "2026-04-25T20:38:47.414Z" },
    { url = "https://files.pythonhosted.org/packages/22/9f/8780176c20118d97f308af69eb01cabb06a0ce3379fdebef5dc4c8ba63f3/tapo-0.9.0-cp314-cp314t-musllinux_1_2_aarch64.whl", hash = "sha256:46617ff9eff268a287de5fbca50089b7955514fa98be0b2cfde8db33026b2754", size = 6995289, upload-time = "2026-04-25T20:38:56.593Z" },
    { url = "https://files.pythonhosted.org/packages/25/0b/3306eb7fef243ddcab83772b5f347fa332d4f3a77622eed7aa9e682f08a0/tapo-0.9.0-cp314-cp314t-musllinux_1_2_armv7l.whl", hash = "sha256:947f323b194cb35eebb931ce7117169b700fbc22df96b17c7c0403b81315b94d", size = 6548508, upload-time = "2026-04-25T20:40:47.603Z" },
    { url = "https://files.pythonhosted.org/packages/08/6d/90c6843b4a19150f34a7acc690ea10b56607f9f27f8e539509e35241383e/tapo-0.9.0-cp314-cp314t-musllinux_1_2_i686.whl", hash = "sha256:a5a5515fd643a88b2940a4f118cda7349ac82ed22eafc30f2571f05a959fb6e2", size = 6803039, upload-time = "2026-04-25T20:39:23.834Z" },
    { url = "https://files.pythonhosted.org/packages/e0/a5/379b77fda12f5af92781f28f73ac5811521418980a8edbeea01ab26a28f1/tapo-0.9.0-cp314-cp314t-musllinux_1_2_x86_64.whl", hash = "sha256:9c8dc71ab204f0cc415145a21df81ac47ed71cf8e61c8e1e5225324614d008fa", size = 7269127, upload-time = "2026-04-25T20:40:26.739Z" },
]

[[package]]
name = "tapo-manager"
version = "0.1.0"
source = { virtual = "." }
dependencies = [
    { name = "clickhouse-connect" },
    { name = "python-dotenv" },
    { name = "tapo" },
]

[package.metadata]
requires-dist = [
    { name = "clickhouse-connect", specifier = ">=1.1.1" },
    { name = "python-dotenv", specifier = ">=1.2.2" },
    { name = "tapo", specifier = ">=0.9.0" },
]

[[package]]
name = "tzdata"
version = "2026.2"
source = { registry = "https://pypi.org/simple" }
sdist = { url = "https://files.pythonhosted.org/packages/ba/19/1b9b0e29f30c6d35cb345486df41110984ea67ae69dddbc0e8a100999493/tzdata-2026.2.tar.gz", hash = "sha256:9173fde7d80d9018e02a662e168e5a2d04f87c41ea174b139fbef642eda62d10", size = 198254, upload-time = "2026-04-24T15:22:08.651Z" }
wheels = [
    { url = "https://files.pythonhosted.org/packages/ce/e4/dccd7f47c4b64213ac01ef921a1337ee6e30e8c6466046018326977efd95/tzdata-2026.2-py2.py3-none-any.whl", hash = "sha256:bbe9af844f658da81a5f95019480da3a89415801f6cc966806612cc7169bffe7", size = 349321, upload-time = "2026-04-24T15:22:05.876Z" },
]

[[package]]
name = "urllib3"
version = "2.7.0"
source = { registry = "https://pypi.org/simple" }
sdist = { url = "https://files.pythonhosted.org/packages/53/0c/06f8b233b8fd13b9e5ee11424ef85419ba0d8ba0b3138bf360be2ff56953/urllib3-2.7.0.tar.gz", hash = "sha256:231e0ec3b63ceb14667c67be60f2f2c40a518cb38b03af60abc813da26505f4c", size = 433602, upload-time = "2026-05-07T16:13:18.596Z" }
wheels = [
    { url = "https://files.pythonhosted.org/packages/7f/3e/5db95bcf282c52709639744ca2a8b149baccf648e39c8cc87553df9eae0c/urllib3-2.7.0-py3-none-any.whl", hash = "sha256:9fb4c81ebbb1ce9531cce37674bbc6f1360472bc18ca9a553ede278ef7276897", size = 131087, upload-time = "2026-05-07T16:13:17.151Z" },
]

[[package]]
name = "zstandard"
version = "0.25.0"
source = { registry = "https://pypi.org/simple" }
sdist = { url = "https://files.pythonhosted.org/packages/fd/aa/3e0508d5a5dd96529cdc5a97011299056e14c6505b678fd58938792794b1/zstandard-0.25.0.tar.gz", hash = "sha256:7713e1179d162cf5c7906da876ec2ccb9c3a9dcbdffef0cc7f70c3667a205f0b", size = 711513, upload-time = "2025-09-14T22:15:54.002Z" }
wheels = [
    { url = "https://files.pythonhosted.org/packages/35/0b/8df9c4ad06af91d39e94fa96cc010a24ac4ef1378d3efab9223cc8593d40/zstandard-0.25.0-cp313-cp313-macosx_10_13_x86_64.whl", hash = "sha256:ec996f12524f88e151c339688c3897194821d7f03081ab35d31d1e12ec975e94", size = 795735, upload-time = "2025-09-14T22:17:26.042Z" },
    { url = "https://files.pythonhosted.org/packages/3f/06/9ae96a3e5dcfd119377ba33d4c42a7d89da1efabd5cb3e366b156c45ff4d/zstandard-0.25.0-cp313-cp313-macosx_11_0_arm64.whl", hash = "sha256:a1a4ae2dec3993a32247995bdfe367fc3266da832d82f8438c8570f989753de1", size = 640440, upload-time = "2025-09-14T22:17:27.366Z" },
    { url = "https://files.pythonhosted.org/packages/d9/14/933d27204c2bd404229c69f445862454dcc101cd69ef8c6068f15aaec12c/zstandard-0.25.0-cp313-cp313-manylinux2010_i686.manylinux2014_i686.manylinux_2_12_i686.manylinux_2_17_i686.whl", hash = "sha256:e96594a5537722fdfb79951672a2a63aec5ebfb823e7560586f7484819f2a08f", size = 5343070, upload-time = "2025-09-14T22:17:28.896Z" },
    { url = "https://files.pythonhosted.org/packages/6d/db/ddb11011826ed7db9d0e485d13df79b58586bfdec56e5c84a928a9a78c1c/zstandard-0.25.0-cp313-cp313-manylinux2014_aarch64.manylinux_2_17_aarch64.whl", hash = "sha256:bfc4e20784722098822e3eee42b8e576b379ed72cca4a7cb856ae733e62192ea", size = 5063001, upload-time = "2025-09-14T22:17:31.044Z" },
    { url = "https://files.pythonhosted.org/packages/db/00/87466ea3f99599d02a5238498b87bf84a6348290c19571051839ca943777/zstandard-0.25.0-cp313-cp313-manylinux2014_ppc64le.manylinux_2_17_ppc64le.whl", hash = "sha256:457ed498fc58cdc12fc48f7950e02740d4f7ae9493dd4ab2168a47c93c31298e", size = 5394120, upload-time = "2025-09-14T22:17:32.711Z" },
    { url = "https://files.pythonhosted.org/packages/2b/95/fc5531d9c618a679a20ff6c29e2b3ef1d1f4ad66c5e161ae6ff847d102a9/zstandard-0.25.0-cp313-cp313-manylinux2014_s390x.manylinux_2_17_s390x.whl", hash = "sha256:fd7a5004eb1980d3cefe26b2685bcb0b17989901a70a1040d1ac86f1d898c551", size = 5451230, upload-time = "2025-09-14T22:17:34.41Z" },
    { url = "https://files.pythonhosted.org/packages/63/4b/e3678b4e776db00f9f7b2fe58e547e8928ef32727d7a1ff01dea010f3f13/zstandard-0.25.0-cp313-cp313-manylinux2014_x86_64.manylinux_2_17_x86_64.whl", hash = "sha256:8e735494da3db08694d26480f1493ad2cf86e99bdd53e8e9771b2752a5c0246a", size = 5547173, upload-time = "2025-09-14T22:17:36.084Z" },
    { url = "https://files.pythonhosted.org/packages/4e/d5/ba05ed95c6b8ec30bd468dfeab20589f2cf709b5c940483e31d991f2ca58/zstandard-0.25.0-cp313-cp313-musllinux_1_1_aarch64.whl", hash = "sha256:3a39c94ad7866160a4a46d772e43311a743c316942037671beb264e395bdd611", size = 5046736, upload-time = "2025-09-14T22:17:37.891Z" },
    { url = "https://files.pythonhosted.org/packages/50/d5/870aa06b3a76c73eced65c044b92286a3c4e00554005ff51962deef28e28/zstandard-0.25.0-cp313-cp313-musllinux_1_1_x86_64.whl", hash = "sha256:172de1f06947577d3a3005416977cce6168f2261284c02080e7ad0185faeced3", size = 5576368, upload-time = "2025-09-14T22:17:40.206Z" },
    { url = "https://files.pythonhosted.org/packages/5d/35/398dc2ffc89d304d59bc12f0fdd931b4ce455bddf7038a0a67733a25f550/zstandard-0.25.0-cp313-cp313-musllinux_1_2_aarch64.whl", hash = "sha256:3c83b0188c852a47cd13ef3bf9209fb0a77fa5374958b8c53aaa699398c6bd7b", size = 4954022, upload-time = "2025-09-14T22:17:41.879Z" },
    { url = "https://files.pythonhosted.org/packages/9a/5c/36ba1e5507d56d2213202ec2b05e8541734af5f2ce378c5d1ceaf4d88dc4/zstandard-0.25.0-cp313-cp313-musllinux_1_2_i686.whl", hash = "sha256:1673b7199bbe763365b81a4f3252b8e80f44c9e323fc42940dc8843bfeaf9851", size = 5267889, upload-time = "2025-09-14T22:17:43.577Z" },
    { url = "https://files.pythonhosted.org/packages/70/e8/2ec6b6fb7358b2ec0113ae202647ca7c0e9d15b61c005ae5225ad0995df5/zstandard-0.25.0-cp313-cp313-musllinux_1_2_ppc64le.whl", hash = "sha256:0be7622c37c183406f3dbf0cba104118eb16a4ea7359eeb5752f0794882fc250", size = 5433952, upload-time = "2025-09-14T22:17:45.271Z" },
    { url = "https://files.pythonhosted.org/packages/7b/01/b5f4d4dbc59ef193e870495c6f1275f5b2928e01ff5a81fecb22a06e22fb/zstandard-0.25.0-cp313-cp313-musllinux_1_2_s390x.whl", hash = "sha256:5f5e4c2a23ca271c218ac025bd7d635597048b366d6f31f420aaeb715239fc98", size = 5814054, upload-time = "2025-09-14T22:17:47.08Z" },
    { url = "https://files.pythonhosted.org/packages/b2/e5/fbd822d5c6f427cf158316d012c5a12f233473c2f9c5fe5ab1ae5d21f3d8/zstandard-0.25.0-cp313-cp313-musllinux_1_2_x86_64.whl", hash = "sha256:4f187a0bb61b35119d1926aee039524d1f93aaf38a9916b8c4b78ac8514a0aaf", size = 5360113, upload-time = "2025-09-14T22:17:48.893Z" },
    { url = "https://files.pythonhosted.org/packages/8e/e0/69a553d2047f9a2c7347caa225bb3a63b6d7704ad74610cb7823baa08ed7/zstandard-0.25.0-cp313-cp313-win32.whl", hash = "sha256:7030defa83eef3e51ff26f0b7bfb229f0204b66fe18e04359ce3474ac33cbc09", size = 436936, upload-time = "2025-09-14T22:17:52.658Z" },
    { url = "https://files.pythonhosted.org/packages/d9/82/b9c06c870f3bd8767c201f1edbdf9e8dc34be5b0fbc5682c4f80fe948475/zstandard-0.25.0-cp313-cp313-win_amd64.whl", hash = "sha256:1f830a0dac88719af0ae43b8b2d6aef487d437036468ef3c2ea59c51f9d55fd5", size = 506232, upload-time = "2025-09-14T22:17:50.402Z" },
    { url = "https://files.pythonhosted.org/packages/d4/57/60c3c01243bb81d381c9916e2a6d9e149ab8627c0c7d7abb2d73384b3c0c/zstandard-0.25.0-cp313-cp313-win_arm64.whl", hash = "sha256:85304a43f4d513f5464ceb938aa02c1e78c2943b29f44a750b48b25ac999a049", size = 462671, upload-time = "2025-09-14T22:17:51.533Z" },
    { url = "https://files.pythonhosted.org/packages/3d/5c/f8923b595b55fe49e30612987ad8bf053aef555c14f05bb659dd5dbe3e8a/zstandard-0.25.0-cp314-cp314-macosx_10_13_x86_64.whl", hash = "sha256:e29f0cf06974c899b2c188ef7f783607dbef36da4c242eb6c82dcd8b512855e3", size = 795887, upload-time = "2025-09-14T22:17:54.198Z" },
    { url = "https://files.pythonhosted.org/packages/8d/09/d0a2a14fc3439c5f874042dca72a79c70a532090b7ba0003be73fee37ae2/zstandard-0.25.0-cp314-cp314-macosx_11_0_arm64.whl", hash = "sha256:05df5136bc5a011f33cd25bc9f506e7426c0c9b3f9954f056831ce68f3b6689f", size = 640658, upload-time = "2025-09-14T22:17:55.423Z" },
    { url = "https://files.pythonhosted.org/packages/5d/7c/8b6b71b1ddd517f68ffb55e10834388d4f793c49c6b83effaaa05785b0b4/zstandard-0.25.0-cp314-cp314-manylinux2010_i686.manylinux_2_12_i686.manylinux_2_28_i686.whl", hash = "sha256:f604efd28f239cc21b3adb53eb061e2a205dc164be408e553b41ba2ffe0ca15c", size = 5379849, upload-time = "2025-09-14T22:17:57.372Z" },
    { url = "https://files.pythonhosted.org/packages/a4/86/a48e56320d0a17189ab7a42645387334fba2200e904ee47fc5a26c1fd8ca/zstandard-0.25.0-cp314-cp314-manylinux2014_aarch64.manylinux_2_17_aarch64.manylinux_2_28_aarch64.whl", hash = "sha256:223415140608d0f0da010499eaa8ccdb9af210a543fac54bce15babbcfc78439", size = 5058095, upload-time = "2025-09-14T22:17:59.498Z" },
    { url = "https://files.pythonhosted.org/packages/f8/ad/eb659984ee2c0a779f9d06dbfe45e2dc39d99ff40a319895df2d3d9a48e5/zstandard-0.25.0-cp314-cp314-manylinux2014_ppc64le.manylinux_2_17_ppc64le.manylinux_2_28_ppc64le.whl", hash = "sha256:2e54296a283f3ab5a26fc9b8b5d4978ea0532f37b231644f367aa588930aa043", size = 5551751, upload-time = "2025-09-14T22:18:01.618Z" },
    { url = "https://files.pythonhosted.org/packages/61/b3/b637faea43677eb7bd42ab204dfb7053bd5c4582bfe6b1baefa80ac0c47b/zstandard-0.25.0-cp314-cp314-manylinux2014_s390x.manylinux_2_17_s390x.manylinux_2_28_s390x.whl", hash = "sha256:ca54090275939dc8ec5dea2d2afb400e0f83444b2fc24e07df7fdef677110859", size = 6364818, upload-time = "2025-09-14T22:18:03.769Z" },
    { url = "https://files.pythonhosted.org/packages/31/dc/cc50210e11e465c975462439a492516a73300ab8caa8f5e0902544fd748b/zstandard-0.25.0-cp314-cp314-manylinux2014_x86_64.manylinux_2_17_x86_64.manylinux_2_28_x86_64.whl", hash = "sha256:e09bb6252b6476d8d56100e8147b803befa9a12cea144bbe629dd508800d1ad0", size = 5560402, upload-time = "2025-09-14T22:18:05.954Z" },
    { url = "https://files.pythonhosted.org/packages/c9/ae/56523ae9c142f0c08efd5e868a6da613ae76614eca1305259c3bf6a0ed43/zstandard-0.25.0-cp314-cp314-musllinux_1_2_aarch64.whl", hash = "sha256:a9ec8c642d1ec73287ae3e726792dd86c96f5681eb8df274a757bf62b750eae7", size = 4955108, upload-time = "2025-09-14T22:18:07.68Z" },
    { url = "https://files.pythonhosted.org/packages/98/cf/c899f2d6df0840d5e384cf4c4121458c72802e8bda19691f3b16619f51e9/zstandard-0.25.0-cp314-cp314-musllinux_1_2_i686.whl", hash = "sha256:a4089a10e598eae6393756b036e0f419e8c1d60f44a831520f9af41c14216cf2", size = 5269248, upload-time = "2025-09-14T22:18:09.753Z" },
    { url = "https://files.pythonhosted.org/packages/1b/c0/59e912a531d91e1c192d3085fc0f6fb2852753c301a812d856d857ea03c6/zstandard-0.25.0-cp314-cp314-musllinux_1_2_ppc64le.whl", hash = "sha256:f67e8f1a324a900e75b5e28ffb152bcac9fbed1cc7b43f99cd90f395c4375344", size = 5430330, upload-time = "2025-09-14T22:18:11.966Z" },
    { url = "https://files.pythonhosted.org/packages/a0/1d/7e31db1240de2df22a58e2ea9a93fc6e38cc29353e660c0272b6735d6669/zstandard-0.25.0-cp314-cp314-musllinux_1_2_s390x.whl", hash = "sha256:9654dbc012d8b06fc3d19cc825af3f7bf8ae242226df5f83936cb39f5fdc846c", size = 5811123, upload-time = "2025-09-14T22:18:13.907Z" },
    { url = "https://files.pythonhosted.org/packages/f6/49/fac46df5ad353d50535e118d6983069df68ca5908d4d65b8c466150a4ff1/zstandard-0.25.0-cp314-cp314-musllinux_1_2_x86_64.whl", hash = "sha256:4203ce3b31aec23012d3a4cf4a2ed64d12fea5269c49aed5e4c3611b938e4088", size = 5359591, upload-time = "2025-09-14T22:18:16.465Z" },
    { url = "https://files.pythonhosted.org/packages/c2/38/f249a2050ad1eea0bb364046153942e34abba95dd5520af199aed86fbb49/zstandard-0.25.0-cp314-cp314-win32.whl", hash = "sha256:da469dc041701583e34de852d8634703550348d5822e66a0c827d39b05365b12", size = 444513, upload-time = "2025-09-14T22:18:20.61Z" },
    { url = "https://files.pythonhosted.org/packages/3a/43/241f9615bcf8ba8903b3f0432da069e857fc4fd1783bd26183db53c4804b/zstandard-0.25.0-cp314-cp314-win_amd64.whl", hash = "sha256:c19bcdd826e95671065f8692b5a4aa95c52dc7a02a4c5a0cac46deb879a017a2", size = 516118, upload-time = "2025-09-14T22:18:17.849Z" },
    { url = "https://files.pythonhosted.org/packages/f0/ef/da163ce2450ed4febf6467d77ccb4cd52c4c30ab45624bad26ca0a27260c/zstandard-0.25.0-cp314-cp314-win_arm64.whl", hash = "sha256:d7541afd73985c630bafcd6338d2518ae96060075f9463d7dc14cfb33514383d", size = 476940, upload-time = "2025-09-14T22:18:19.088Z" },
]
